
Microsoft Visual Studio Solution File, Format Version 12.00
# Visual Studio Version 16
VisualStudioVersion = 16.0.30204.135
MinimumVisualStudioVersion = 10.0.40219.1
Project("{FAE04EC0-301F-11D3-BF4B-00C04F79EFBC}") = "Auth", "Auth\Auth.csproj", "{ABAF238C-4949-40D4-A2C2-399BBE300D6E}"
EndProject
Global
	GlobalSection(SolutionConfigurationPlatforms) = preSolution
		Debug|Any CPU = Debug|Any CPU
		Release|Any CPU = Release|Any CPU
	EndGlobalSection
	GlobalSection(ProjectConfigurationPlatforms) = postSolution
		{ABAF238C-4949-40D4-A2C2-399BBE300D6E}.Debug|Any CPU.ActiveCfg = Debug|Any CPU
		{ABAF238C-4949-40D4-A2C2-399BBE300D6E}.Debug|Any CPU.Build.0 = Debug|Any CPU
		{ABAF238C-4949-40D4-A2C2-399BBE300D6E}.Release|Any CPU.ActiveCfg = Release|Any CPU
		{ABAF238C-4949-40D4-A2C2-399BBE300D6E}.Release|Any CPU.Build.0 = Release|Any CPU
	EndGlobalSection
	GlobalSection(SolutionProperties) = preSolution
		HideSolutionNode = FALSE
	EndGlobalSection
	GlobalSection(ExtensibilityGlobals) = postSolution
		SolutionGuid = {B220B48A-D185-4AFB-98F2-94035BF773E8}
	EndGlobalSection
EndGlobal
