
Microsoft Visual Studio Solution File, Format Version 12.00
# Visual Studio Version 16
VisualStudioVersion = 16.0.30204.135
MinimumVisualStudioVersion = 10.0.40219.1
Project("{FAE04EC0-301F-11D3-BF4B-00C04F79EFBC}") = "FinalAPI", "FinalAPI\FinalAPI.csproj", "{BFD41AEB-BC05-4EC8-8DCB-7DB4444D885D}"
EndProject
Global
	GlobalSection(SolutionConfigurationPlatforms) = preSolution
		Debug|Any CPU = Debug|Any CPU
		Release|Any CPU = Release|Any CPU
	EndGlobalSection
	GlobalSection(ProjectConfigurationPlatforms) = postSolution
		{BFD41AEB-BC05-4EC8-8DCB-7DB4444D885D}.Debug|Any CPU.ActiveCfg = Debug|Any CPU
		{BFD41AEB-BC05-4EC8-8DCB-7DB4444D885D}.Debug|Any CPU.Build.0 = Debug|Any CPU
		{BFD41AEB-BC05-4EC8-8DCB-7DB4444D885D}.Release|Any CPU.ActiveCfg = Release|Any CPU
		{BFD41AEB-BC05-4EC8-8DCB-7DB4444D885D}.Release|Any CPU.Build.0 = Release|Any CPU
	EndGlobalSection
	GlobalSection(SolutionProperties) = preSolution
		HideSolutionNode = FALSE
	EndGlobalSection
	GlobalSection(ExtensibilityGlobals) = postSolution
		SolutionGuid = {00BB9D9F-9114-49D0-9FA2-99FC9D1B4ECF}
	EndGlobalSection
EndGlobal
